
Microsoft Visual Studio Solution File, Format Version 12.00
# Visual Studio Version 17
VisualStudioVersion = 17.2.32526.322
MinimumVisualStudioVersion = 10.0.40219.1
Project("{9A19103F-16F7-4668-BE54-9A1E7A4F7556}") = "CoinsManagerService", "CoinsManagerService\CoinsManagerService.csproj", "{6E1474BE-E608-4904-9E90-3AD5C201A773}"
EndProject
Project("{9A19103F-16F7-4668-BE54-9A1E7A4F7556}") = "CoinsManagerService.Tests", "CoinsManagerService.Tests\CoinsManagerService.Tests.csproj", "{AC0A5B3C-7DAD-4274-8F3A-5B215C9898B9}"
EndProject
Project("{2150E333-8FDC-42A3-9474-1A3956D46DE8}") = "AzureFunctions", "AzureFunctions", "{E00BE0DC-3BB0-41B8-9954-4AB1635037A0}"
EndProject
Project("{9A19103F-16F7-4668-BE54-9A1E7A4F7556}") = "CreateThumbnailFunction", "AzureFunctions\CreateThumbnailFunction\CreateThumbnailFunction.csproj", "{0F03C395-F71A-41D4-9FBB-3B231F7095B0}"
EndProject
Project("{9A19103F-16F7-4668-BE54-9A1E7A4F7556}") = "ProcessImagesFunction", "AzureFunctions\ProcessImagesFunction\ProcessImagesFunction.csproj", "{22EA30B1-E91E-4C97-87A0-8BC8E3260603}"
EndProject
Project("{FAE04EC0-301F-11D3-BF4B-00C04F79EFBC}") = "AzureFunctions.Tests", "AzureFunction.cs\AzureFunctions.Tests.csproj", "{8020BC1D-3C18-458F-A027-35183D110947}"
EndProject
Global
	GlobalSection(SolutionConfigurationPlatforms) = preSolution
		Debug|Any CPU = Debug|Any CPU
		Release|Any CPU = Release|Any CPU
	EndGlobalSection
	GlobalSection(ProjectConfigurationPlatforms) = postSolution
		{6E1474BE-E608-4904-9E90-3AD5C201A773}.Debug|Any CPU.ActiveCfg = Debug|Any CPU
		{6E1474BE-E608-4904-9E90-3AD5C201A773}.Debug|Any CPU.Build.0 = Debug|Any CPU
		{6E1474BE-E608-4904-9E90-3AD5C201A773}.Release|Any CPU.ActiveCfg = Release|Any CPU
		{6E1474BE-E608-4904-9E90-3AD5C201A773}.Release|Any CPU.Build.0 = Release|Any CPU
		{AC0A5B3C-7DAD-4274-8F3A-5B215C9898B9}.Debug|Any CPU.ActiveCfg = Debug|Any CPU
		{AC0A5B3C-7DAD-4274-8F3A-5B215C9898B9}.Debug|Any CPU.Build.0 = Debug|Any CPU
		{AC0A5B3C-7DAD-4274-8F3A-5B215C9898B9}.Release|Any CPU.ActiveCfg = Release|Any CPU
		{AC0A5B3C-7DAD-4274-8F3A-5B215C9898B9}.Release|Any CPU.Build.0 = Release|Any CPU
		{0F03C395-F71A-41D4-9FBB-3B231F7095B0}.Debug|Any CPU.ActiveCfg = Debug|Any CPU
		{0F03C395-F71A-41D4-9FBB-3B231F7095B0}.Debug|Any CPU.Build.0 = Debug|Any CPU
		{0F03C395-F71A-41D4-9FBB-3B231F7095B0}.Release|Any CPU.ActiveCfg = Release|Any CPU
		{0F03C395-F71A-41D4-9FBB-3B231F7095B0}.Release|Any CPU.Build.0 = Release|Any CPU
		{22EA30B1-E91E-4C97-87A0-8BC8E3260603}.Debug|Any CPU.ActiveCfg = Debug|Any CPU
		{22EA30B1-E91E-4C97-87A0-8BC8E3260603}.Debug|Any CPU.Build.0 = Debug|Any CPU
		{22EA30B1-E91E-4C97-87A0-8BC8E3260603}.Release|Any CPU.ActiveCfg = Release|Any CPU
		{22EA30B1-E91E-4C97-87A0-8BC8E3260603}.Release|Any CPU.Build.0 = Release|Any CPU
		{8020BC1D-3C18-458F-A027-35183D110947}.Debug|Any CPU.ActiveCfg = Debug|Any CPU
		{8020BC1D-3C18-458F-A027-35183D110947}.Debug|Any CPU.Build.0 = Debug|Any CPU
		{8020BC1D-3C18-458F-A027-35183D110947}.Release|Any CPU.ActiveCfg = Release|Any CPU
		{8020BC1D-3C18-458F-A027-35183D110947}.Release|Any CPU.Build.0 = Release|Any CPU
	EndGlobalSection
	GlobalSection(SolutionProperties) = preSolution
		HideSolutionNode = FALSE
	EndGlobalSection
	GlobalSection(NestedProjects) = preSolution
		{0F03C395-F71A-41D4-9FBB-3B231F7095B0} = {E00BE0DC-3BB0-41B8-9954-4AB1635037A0}
		{22EA30B1-E91E-4C97-87A0-8BC8E3260603} = {E00BE0DC-3BB0-41B8-9954-4AB1635037A0}
	EndGlobalSection
	GlobalSection(ExtensibilityGlobals) = postSolution
		SolutionGuid = {EB0171F9-6013-4766-8252-E73412FB3F57}
	EndGlobalSection
EndGlobal
